PODS:
  - Alamofire (4.7.3)
  - BlueCryptor (1.0.14)
  - SwiftyJSON (4.2.0)
  - SWXMLHash (4.7.4)

DEPENDENCIES:
  - Alamofire
  - BlueCryptor
  - SwiftyJSON
  - SWXMLHash

SPEC REPOS:
  https://github.com/cocoapods/specs.git:
    - Alamofire
    - BlueCryptor
    - SwiftyJSON
    - SWXMLHash

SPEC CHECKSUMS:
  Alamofire: c7287b6e5d7da964a70935e5db17046b7fde6568
  BlueCryptor: adb6c5c705e297dab9bceed4150374dfe4afcb6c
  SwiftyJSON: c4bcba26dd9ec7a027fc8eade48e2c911f229e96
  SWXMLHash: b35739a5cfd915c3b482977aa720d6708e260a90

PODFILE CHECKSUM: a914edad39ef5c8080632b1d91e2f0e5d1de53b4

COCOAPODS: 1.5.3
